// !$*UTF8*$!
{
	archiveVersion = 1;
	classes = {
	};
	objectVersion = 46;
	objects = {

/* Begin PBXBuildFile section */
		789963E61F30B40B001091F9 /* AppDelegate.swift in Sources */ = {isa = PBXBuildFile; fileRef = 789963E51F30B40B001091F9 /* AppDelegate.swift */; };
		789963EB1F30B40B001091F9 /* Main.storyboard in Resources */ = {isa = PBXBuildFile; fileRef = 789963E91F30B40B001091F9 /* Main.storyboard */; };
		789963ED1F30B40B001091F9 /* Assets.xcassets in Resources */ = {isa = PBXBuildFile; fileRef = 789963EC1F30B40B001091F9 /* Assets.xcassets */; };
		789963F01F30B40B001091F9 /* LaunchScreen.storyboard in Resources */ = {isa = PBXBuildFile; fileRef = 789963EE1F30B40B001091F9 /* LaunchScreen.storyboard */; };
		789963FB1F30B48B001091F9 /* CollectionViewController.swift in Sources */ = {isa = PBXBuildFile; fileRef = 789963F71F30B48B001091F9 /* CollectionViewController.swift */; };
		789963FC1F30B48B001091F9 /* CollectionViewCell.swift in Sources */ = {isa = PBXBuildFile; fileRef = 789963F81F30B48B001091F9 /* CollectionViewCell.swift */; };
		789963FD1F30B48B001091F9 /* CollectionReusableView.swift in Sources */ = {isa = PBXBuildFile; fileRef = 789963F91F30B48B001091F9 /* CollectionReusableView.swift */; };
		789963FE1F30B48B001091F9 /* CustomLayout.swift in Sources */ = {isa = PBXBuildFile; fileRef = 789963FA1F30B48B001091F9 /* CustomLayout.swift */; };
		789964001F30B4AF001091F9 /* UICollectionView.swift in Sources */ = {isa = PBXBuildFile; fileRef = 789963FF1F30B4AF001091F9 /* UICollectionView.swift */; };
		789964021F30B4BB001091F9 /* CollectionReusableView.xib in Resources */ = {isa = PBXBuildFile; fileRef = 789964011F30B4BB001091F9 /* CollectionReusableView.xib */; };
		789964061F30B4E8001091F9 /* Protocols.swift in Sources */ = {isa = PBXBuildFile; fileRef = 789964031F30B4E8001091F9 /* Protocols.swift */; };
		789964071F30B4E8001091F9 /* String.swift in Sources */ = {isa = PBXBuildFile; fileRef = 789964041F30B4E8001091F9 /* String.swift */; };
		789964081F30B4E8001091F9 /* UIView.swift in Sources */ = {isa = PBXBuildFile; fileRef = 789964051F30B4E8001091F9 /* UIView.swift */; };
/* End PBXBuildFile section */

/* Begin PBXFileReference section */
		789963E21F30B40B001091F9 /* IDDynamicCollectionView.app */ = {isa = PBXFileReference; explicitFileType = wrapper.application; includeInIndex = 0; path = IDDynamicCollectionView.app; sourceTree = BUILT_PRODUCTS_DIR; };
		789963E51F30B40B001091F9 /* AppDelegate.swift */ = {isa = PBXFileReference; lastKnownFileType = sourcecode.swift; path = AppDelegate.swift; sourceTree = "<group>"; };
		789963EA1F30B40B001091F9 /* Base */ = {isa = PBXFileReference; lastKnownFileType = file.storyboard; name = Base; path = Base.lproj/Main.storyboard; sourceTree = "<group>"; };
		789963EC1F30B40B001091F9 /* Assets.xcassets */ = {isa = PBXFileReference; lastKnownFileType = folder.assetcatalog; path = Assets.xcassets; sourceTree = "<group>"; };
		789963EF1F30B40B001091F9 /* Base */ = {isa = PBXFileReference; lastKnownFileType = file.storyboard; name = Base; path = Base.lproj/LaunchScreen.storyboard; sourceTree = "<group>"; };
		789963F11F30B40B001091F9 /* Info.plist */ = {isa = PBXFileReference; lastKnownFileType = text.plist.xml; path = Info.plist; sourceTree = "<group>"; };
		789963F71F30B48B001091F9 /* CollectionViewController.swift */ = {isa = PBXFileReference; fileEncoding = 4; lastKnownFileType = sourcecode.swift; path = CollectionViewController.swift; sourceTree = "<group>"; };
		789963F81F30B48B001091F9 /* CollectionViewCell.swift */ = {isa = PBXFileReference; fileEncoding = 4; lastKnownFileType = sourcecode.swift; path = CollectionViewCell.swift; sourceTree = "<group>"; };
		789963F91F30B48B001091F9 /* CollectionReusableView.swift */ = {isa = PBXFileReference; fileEncoding = 4; lastKnownFileType = sourcecode.swift; path = CollectionReusableView.swift; sourceTree = "<group>"; };
		789963FA1F30B48B001091F9 /* CustomLayout.swift */ = {isa = PBXFileReference; fileEncoding = 4; lastKnownFileType = sourcecode.swift; path = CustomLayout.swift; sourceTree = "<group>"; };
		789963FF1F30B4AF001091F9 /* UICollectionView.swift */ = {isa = PBXFileReference; fileEncoding = 4; lastKnownFileType = sourcecode.swift; path = UICollectionView.swift; sourceTree = "<group>"; };
		789964011F30B4BB001091F9 /* CollectionReusableView.xib */ = {isa = PBXFileReference; fileEncoding = 4; lastKnownFileType = file.xib; path = CollectionReusableView.xib; sourceTree = "<group>"; };
		789964031F30B4E8001091F9 /* Protocols.swift */ = {isa = PBXFileReference; fileEncoding = 4; lastKnownFileType = sourcecode.swift; path = Protocols.swift; sourceTree = "<group>"; };
		789964041F30B4E8001091F9 /* String.swift */ = {isa = PBXFileReference; fileEncoding = 4; lastKnownFileType = sourcecode.swift; path = String.swift; sourceTree = "<group>"; };
		789964051F30B4E8001091F9 /* UIView.swift */ = {isa = PBXFileReference; fileEncoding = 4; lastKnownFileType = sourcecode.swift; path = UIView.swift; sourceTree = "<group>"; };
/* End PBXFileReference section */

/* Begin PBXFrameworksBuildPhase section */
		789963DF1F30B40B001091F9 /* Frameworks */ = {
			isa = PBXFrameworksBuildPhase;
			buildActionMask = 2147483647;
			files = (
			);
			runOnlyForDeploymentPostprocessing = 0;
		};
/* End PBXFrameworksBuildPhase section */

/* Begin PBXGroup section */
		789963D91F30B40B001091F9 = {
			isa = PBXGroup;
			children = (
				789963E41F30B40B001091F9 /* IDDynamicCollectionView */,
				789963E31F30B40B001091F9 /* Products */,
			);
			sourceTree = "<group>";
		};
		789963E31F30B40B001091F9 /* Products */ = {
			isa = PBXGroup;
			children = (
				789963E21F30B40B001091F9 /* IDDynamicCollectionView.app */,
			);
			name = Products;
			sourceTree = "<group>";
		};
		789963E41F30B40B001091F9 /* IDDynamicCollectionView */ = {
			isa = PBXGroup;
			children = (
				789963E51F30B40B001091F9 /* AppDelegate.swift */,
				789963F71F30B48B001091F9 /* CollectionViewController.swift */,
				789963F81F30B48B001091F9 /* CollectionViewCell.swift */,
				789963F91F30B48B001091F9 /* CollectionReusableView.swift */,
				789963FA1F30B48B001091F9 /* CustomLayout.swift */,
				789963FF1F30B4AF001091F9 /* UICollectionView.swift */,
				789964031F30B4E8001091F9 /* Protocols.swift */,
				789964041F30B4E8001091F9 /* String.swift */,
				789964051F30B4E8001091F9 /* UIView.swift */,
				789964011F30B4BB001091F9 /* CollectionReusableView.xib */,
				789963E91F30B40B001091F9 /* Main.storyboard */,
				789963EC1F30B40B001091F9 /* Assets.xcassets */,
				789963EE1F30B40B001091F9 /* LaunchScreen.storyboard */,
				789963F11F30B40B001091F9 /* Info.plist */,
			);
			path = IDDynamicCollectionView;
			sourceTree = "<group>";
		};
/* End PBXGroup section */

/* Begin PBXNativeTarget section */
		789963E11F30B40B001091F9 /* IDDynamicCollectionView */ = {
			isa = PBXNativeTarget;
			buildConfigurationList = 789963F41F30B40B001091F9 /* Build configuration list for PBXNativeTarget "IDDynamicCollectionView" */;
			buildPhases = (
				789963DE1F30B40B001091F9 /* Sources */,
				789963DF1F30B40B001091F9 /* Frameworks */,
				789963E01F30B40B001091F9 /* Resources */,
			);
			buildRules = (
			);
			dependencies = (
			);
			name = IDDynamicCollectionView;
			productName = IDDynamicCollectionView;
			productReference = 789963E21F30B40B001091F9 /* IDDynamicCollectionView.app */;
			productType = "com.apple.product-type.application";
		};
/* End PBXNativeTarget section */

/* Begin PBXProject section */
		789963DA1F30B40B001091F9 /* Project object */ = {
			isa = PBXProject;
			attributes = {
				LastSwiftUpdateCheck = 0830;
				LastUpgradeCheck = 0830;
				ORGANIZATIONNAME = ID;
				TargetAttributes = {
					789963E11F30B40B001091F9 = {
						CreatedOnToolsVersion = 8.3.3;
						DevelopmentTeam = RJBKWPCQW8;
						ProvisioningStyle = Automatic;
					};
				};
			};
			buildConfigurationList = 789963DD1F30B40B001091F9 /* Build configuration list for PBXProject "IDDynamicCollectionView" */;
			compatibilityVersion = "Xcode 3.2";
			developmentRegion = English;
			hasScannedForEncodings = 0;
			knownRegions = (
				en,
				Base,
			);
			mainGroup = 789963D91F30B40B001091F9;
			productRefGroup = 789963E31F30B40B001091F9 /* Products */;
			projectDirPath = "";
			projectRoot = "";
			targets = (
				789963E11F30B40B001091F9 /* IDDynamicCollectionView */,
			);
		};
/* End PBXProject section */

/* Begin PBXResourcesBuildPhase section */
		789963E01F30B40B001091F9 /* Resources */ = {
			isa = PBXResourcesBuildPhase;
			buildActionMask = 2147483647;
			files = (
				789963F01F30B40B001091F9 /* LaunchScreen.storyboard in Resources */,
				789964021F30B4BB001091F9 /* CollectionReusableView.xib in Resources */,
				789963ED1F30B40B001091F9 /* Assets.xcassets in Resources */,
				789963EB1F30B40B001091F9 /* Main.storyboard in Resources */,
			);
			runOnlyForDeploymentPostprocessing = 0;
		};
/* End PBXResourcesBuildPhase section */

/* Begin PBXSourcesBuildPhase section */
		789963DE1F30B40B001091F9 /* Sources */ = {
			isa = PBXSourcesBuildPhase;
			buildActionMask = 2147483647;
			files = (
				789964001F30B4AF001091F9 /* UICollectionView.swift in Sources */,
				789963FE1F30B48B001091F9 /* CustomLayout.swift in Sources */,
				789964061F30B4E8001091F9 /* Protocols.swift in Sources */,
				789963FB1F30B48B001091F9 /* CollectionViewController.swift in Sources */,
				789963FC1F30B48B001091F9 /* CollectionViewCell.swift in Sources */,
				789963FD1F30B48B001091F9 /* CollectionReusableView.swift in Sources */,
				789964071F30B4E8001091F9 /* String.swift in Sources */,
				789964081F30B4E8001091F9 /* UIView.swift in Sources */,
				789963E61F30B40B001091F9 /* AppDelegate.swift in Sources */,
			);
			runOnlyForDeploymentPostprocessing = 0;
		};
/* End PBXSourcesBuildPhase section */

/* Begin PBXVariantGroup section */
		789963E91F30B40B001091F9 /* Main.storyboard */ = {
			isa = PBXVariantGroup;
			children = (
				789963EA1F30B40B001091F9 /* Base */,
			);
			name = Main.storyboard;
			sourceTree = "<group>";
		};
		789963EE1F30B40B001091F9 /* LaunchScreen.storyboard */ = {
			isa = PBXVariantGroup;
			children = (
				789963EF1F30B40B001091F9 /* Base */,
			);
			name = LaunchScreen.storyboard;
			sourceTree = "<group>";
		};
/* End PBXVariantGroup section */

/* Begin XCBuildConfiguration section */
		789963F21F30B40B001091F9 /* Debug */ = {
			isa = XCBuildConfiguration;
			buildSettings = {
				ALWAYS_SEARCH_USER_PATHS = NO;
				CLANG_ANALYZER_NONNULL = YES;
				CLANG_ANALYZER_NUMBER_OBJECT_CONVERSION = YES_AGGRESSIVE;
				CLANG_CXX_LANGUAGE_STANDARD = "gnu++0x";
				CLANG_CXX_LIBRARY = "libc++";
				CLANG_ENABLE_MODULES = YES;
				CLANG_ENABLE_OBJC_ARC = YES;
				CLANG_WARN_BOOL_CONVERSION = YES;
				CLANG_WARN_CONSTANT_CONVERSION = YES;
				CLANG_WARN_DIRECT_OBJC_ISA_USAGE = YES_ERROR;
				CLANG_WARN_DOCUMENTATION_COMMENTS = YES;
				CLANG_WARN_EMPTY_BODY = YES;
				CLANG_WARN_ENUM_CONVERSION = YES;
				CLANG_WARN_INFINITE_RECURSION = YES;
				CLANG_WARN_INT_CONVERSION = YES;
				CLANG_WARN_OBJC_ROOT_CLASS = YES_ERROR;
				CLANG_WARN_SUSPICIOUS_MOVE = YES;
				CLANG_WARN_UNREACHABLE_CODE = YES;
				CLANG_WARN__DUPLICATE_METHOD_MATCH = YES;
				"CODE_SIGN_IDENTITY[sdk=iphoneos*]" = "iPhone Developer";
				COPY_PHASE_STRIP = NO;
				DEBUG_INFORMATION_FORMAT = dwarf;
				ENABLE_STRICT_OBJC_MSGSEND = YES;
				ENABLE_TESTABILITY = YES;
				GCC_C_LANGUAGE_STANDARD = gnu99;
				GCC_DYNAMIC_NO_PIC = NO;
				GCC_NO_COMMON_BLOCKS = YES;
				GCC_OPTIMIZATION_LEVEL = 0;
				GCC_PREPROCESSOR_DEFINITIONS = (
					"DEBUG=1",
					"$(inherited)",
				);
				GCC_WARN_64_TO_32_BIT_CONVERSION = YES;
				GCC_WARN_ABOUT_RETURN_TYPE = YES_ERROR;
				GCC_WARN_UNDECLARED_SELECTOR = YES;
				GCC_WARN_UNINITIALIZED_AUTOS = YES_AGGRESSIVE;
				GCC_WARN_UNUSED_FUNCTION = YES;
				GCC_WARN_UNUSED_VARIABLE = YES;
				IPHONEOS_DEPLOYMENT_TARGET = 10.3;
				MTL_ENABLE_DEBUG_INFO = YES;
				ONLY_ACTIVE_ARCH = YES;
				SDKROOT = iphoneos;
				SWIFT_ACTIVE_COMPILATION_CONDITIONS = DEBUG;
				SWIFT_OPTIMIZATION_LEVEL = "-Onone";
			};
			name = Debug;
		};
		789963F31F30B40B001091F9 /* Release */ = {
			isa = XCBuildConfiguration;
			buildSettings = {
				ALWAYS_SEARCH_USER_PATHS = NO;
				CLANG_ANALYZER_NONNULL = YES;
				CLANG_ANALYZER_NUMBER_OBJECT_CONVERSION = YES_AGGRESSIVE;
				CLANG_CXX_LANGUAGE_STANDARD = "gnu++0x";
				CLANG_CXX_LIBRARY = "libc++";
				CLANG_ENABLE_MODULES = YES;
				CLANG_ENABLE_OBJC_ARC = YES;
				CLANG_WARN_BOOL_CONVERSION = YES;
				CLANG_WARN_CONSTANT_CONVERSION = YES;
				CLANG_WARN_DIRECT_OBJC_ISA_USAGE = YES_ERROR;
				CLANG_WARN_DOCUMENTATION_COMMENTS = YES;
				CLANG_WARN_EMPTY_BODY = YES;
				CLANG_WARN_ENUM_CONVERSION = YES;
				CLANG_WARN_INFINITE_RECURSION = YES;
				CLANG_WARN_INT_CONVERSION = YES;
				CLANG_WARN_OBJC_ROOT_CLASS = YES_ERROR;
				CLANG_WARN_SUSPICIOUS_MOVE = YES;
				CLANG_WARN_UNREACHABLE_CODE = YES;
				CLANG_WARN__DUPLICATE_METHOD_MATCH = YES;
				"CODE_SIGN_IDENTITY[sdk=iphoneos*]" = "iPhone Developer";
				COPY_PHASE_STRIP = NO;
				DEBUG_INFORMATION_FORMAT = "dwarf-with-dsym";
				ENABLE_NS_ASSERTIONS = NO;
				ENABLE_STRICT_OBJC_MSGSEND = YES;
				GCC_C_LANGUAGE_STANDARD = gnu99;
				GCC_NO_COMMON_BLOCKS = YES;
				GCC_WARN_64_TO_32_BIT_CONVERSION = YES;
				GCC_WARN_ABOUT_RETURN_TYPE = YES_ERROR;
				GCC_WARN_UNDECLARED_SELECTOR = YES;
				GCC_WARN_UNINITIALIZED_AUTOS = YES_AGGRESSIVE;
				GCC_WARN_UNUSED_FUNCTION = YES;
				GCC_WARN_UNUSED_VARIABLE = YES;
				IPHONEOS_DEPLOYMENT_TARGET = 10.3;
				MTL_ENABLE_DEBUG_INFO = NO;
				SDKROOT = iphoneos;
				SWIFT_OPTIMIZATION_LEVEL = "-Owholemodule";
				VALIDATE_PRODUCT = YES;
			};
			name = Release;
		};
		789963F51F30B40B001091F9 /* Debug */ = {
			isa = XCBuildConfiguration;
			buildSettings = {
				ASSETCATALOG_COMPILER_APPICON_NAME = AppIcon;
				DEVELOPMENT_TEAM = RJBKWPCQW8;
				INFOPLIST_FILE = IDDynamicCollectionView/Info.plist;
				LD_RUNPATH_SEARCH_PATHS = "$(inherited) @executable_path/Frameworks";
				PRODUCT_BUNDLE_IDENTIFIER = com.id.dynamicCollectionView;
				PRODUCT_NAME = "$(TARGET_NAME)";
				SWIFT_VERSION = 3.0;
			};
			name = Debug;
		};
		789963F61F30B40B001091F9 /* Release */ = {
			isa = XCBuildConfiguration;
			buildSettings = {
				ASSETCATALOG_COMPILER_APPICON_NAME = AppIcon;
				DEVELOPMENT_TEAM = RJBKWPCQW8;
				INFOPLIST_FILE = IDDynamicCollectionView/Info.plist;
				LD_RUNPATH_SEARCH_PATHS = "$(inherited) @executable_path/Frameworks";
				PRODUCT_BUNDLE_IDENTIFIER = com.id.dynamicCollectionView;
				PRODUCT_NAME = "$(TARGET_NAME)";
				SWIFT_VERSION = 3.0;
			};
			name = Release;
		};
/* End XCBuildConfiguration section */

/* Begin XCConfigurationList section */
		789963DD1F30B40B001091F9 /* Build configuration list for PBXProject "IDDynamicCollectionView" */ = {
			isa = XCConfigurationList;
			buildConfigurations = (
				789963F21F30B40B001091F9 /* Debug */,
				789963F31F30B40B001091F9 /* Release */,
			);
			defaultConfigurationIsVisible = 0;
			defaultConfigurationName = Release;
		};
		789963F41F30B40B001091F9 /* Build configuration list for PBXNativeTarget "IDDynamicCollectionView" */ = {
			isa = XCConfigurationList;
			buildConfigurations = (
				789963F51F30B40B001091F9 /* Debug */,
				789963F61F30B40B001091F9 /* Release */,
			);
			defaultConfigurationIsVisible = 0;
			defaultConfigurationName = Release;
		};
/* End XCConfigurationList section */
	};
	rootObject = 789963DA1F30B40B001091F9 /* Project object */;
}
